
Microsoft Visual Studio Solution File, Format Version 12.00
# Visual Studio 15
VisualStudioVersion = 15.0.35319.79
MinimumVisualStudioVersion = 10.0.40219.1
Project("{FAE04EC0-301F-11D3-BF4B-00C04F79EFBC}") = "HangmanGame", "HangmanGame\HangmanGame.csproj", "{0D2CFF37-CF44-4510-BABA-6B0D1E8CFBA2}"
EndProject
Global
	GlobalSection(SolutionConfigurationPlatforms) = preSolution
		Debug|Any CPU = Debug|Any CPU
		Release|Any CPU = Release|Any CPU
	EndGlobalSection
	GlobalSection(ProjectConfigurationPlatforms) = postSolution
		{0D2CFF37-CF44-4510-BABA-6B0D1E8CFBA2}.Debug|Any CPU.ActiveCfg = Debug|Any CPU
		{0D2CFF37-CF44-4510-BABA-6B0D1E8CFBA2}.Debug|Any CPU.Build.0 = Debug|Any CPU
		{0D2CFF37-CF44-4510-BABA-6B0D1E8CFBA2}.Release|Any CPU.ActiveCfg = Release|Any CPU
		{0D2CFF37-CF44-4510-BABA-6B0D1E8CFBA2}.Release|Any CPU.Build.0 = Release|Any CPU
	EndGlobalSection
	GlobalSection(SolutionProperties) = preSolution
		HideSolutionNode = FALSE
	EndGlobalSection
	GlobalSection(ExtensibilityGlobals) = postSolution
		SolutionGuid = {6034AE36-CC5E-4542-9D9B-369DA5A1720F}
	EndGlobalSection
EndGlobal
